
Microsoft Visual Studio Solution File, Format Version 12.00
# Visual Studio 2012
Project("{FAE04EC0-301F-11D3-BF4B-00C04F79EFBC}") = "properties_and_fields_009", "properties_and_fields_009\properties_and_fields_009.csproj", "{872141C0-3A7F-44BF-9AAD-930FBF942B74}"
EndProject
Global
	GlobalSection(SolutionConfigurationPlatforms) = preSolution
		Debug|Any CPU = Debug|Any CPU
		Release|Any CPU = Release|Any CPU
	EndGlobalSection
	GlobalSection(ProjectConfigurationPlatforms) = postSolution
		{872141C0-3A7F-44BF-9AAD-930FBF942B74}.Debug|Any CPU.ActiveCfg = Debug|Any CPU
		{872141C0-3A7F-44BF-9AAD-930FBF942B74}.Debug|Any CPU.Build.0 = Debug|Any CPU
		{872141C0-3A7F-44BF-9AAD-930FBF942B74}.Release|Any CPU.ActiveCfg = Release|Any CPU
		{872141C0-3A7F-44BF-9AAD-930FBF942B74}.Release|Any CPU.Build.0 = Release|Any CPU
	EndGlobalSection
EndGlobal
